version = 1
requires-python = ">=3.12"

[[package]]
name = "keypilot"
version = "0.0.1"
source = { editable = "." }
dependencies = [
    { name = "readchar" },
]

[package.metadata]
requires-dist = [{ name = "readchar", specifier = ">=4.0.6" }]

[[package]]
name = "readchar"
version = "4.2.0"
source = { registry = "https://pypi.org/simple" }
sdist = { url = "https://files.pythonhosted.org/packages/18/31/2934981710c63afa9c58947d2e676093ce4bb6c7ce60aac2fcc4be7d98d0/readchar-4.2.0.tar.gz", hash = "sha256:44807cbbe377b72079fea6cba8aa91c809982d7d727b2f0dbb2d1a8084914faa", size = 9691 }
wheels = [
    { url = "https://files.pythonhosted.org/packages/7b/6f/ca076ad4d18b3d33c31c304fb7e68dd9ce2bfdb49fb8874611ad7c55e969/readchar-4.2.0-py3-none-any.whl", hash = "sha256:2a587a27c981e6d25a518730ad4c88c429c315439baa6fda55d7a8b3ac4cb62a", size = 9349 },
]
